
Microsoft Visual Studio Solution File, Format Version 12.00
# Visual Studio Version 17
VisualStudioVersion = 17.4.33403.182
MinimumVisualStudioVersion = 10.0.40219.1
Project("{FAE04EC0-301F-11D3-BF4B-00C04F79EFBC}") = "OBJ", "OBJ.csproj", "{2F65C9D3-30A3-41CA-83B9-DC04D949ED65}"
EndProject
Global
	GlobalSection(SolutionConfigurationPlatforms) = preSolution
		Debug|Any CPU = Debug|Any CPU
		Release|Any CPU = Release|Any CPU
	EndGlobalSection
	GlobalSection(ProjectConfigurationPlatforms) = postSolution
		{2F65C9D3-30A3-41CA-83B9-DC04D949ED65}.Debug|Any CPU.ActiveCfg = Debug|Any CPU
		{2F65C9D3-30A3-41CA-83B9-DC04D949ED65}.Debug|Any CPU.Build.0 = Debug|Any CPU
		{2F65C9D3-30A3-41CA-83B9-DC04D949ED65}.Release|Any CPU.ActiveCfg = Release|Any CPU
		{2F65C9D3-30A3-41CA-83B9-DC04D949ED65}.Release|Any CPU.Build.0 = Release|Any CPU
	EndGlobalSection
	GlobalSection(SolutionProperties) = preSolution
		HideSolutionNode = FALSE
	EndGlobalSection
	GlobalSection(ExtensibilityGlobals) = postSolution
		SolutionGuid = {92C710F5-1692-4642-9EF4-7B1A53F14B77}
	EndGlobalSection
EndGlobal
